
Microsoft Visual Studio Solution File, Format Version 12.00
# Visual Studio 15
VisualStudioVersion = 15.0.26730.16
MinimumVisualStudioVersion = 10.0.40219.1
Project("{FAE04EC0-301F-11D3-BF4B-00C04F79EFBC}") = "Entities", "Entities\Entities.csproj", "{72E8F528-F892-4056-961B-0F6A6ED22D4B}"
EndProject
Project("{2150E333-8FDC-42A3-9474-1A3956D46DE8}") = "Models", "Models", "{6B5FF12C-1A21-48DB-9779-4134EAC9B49A}"
EndProject
Project("{FAE04EC0-301F-11D3-BF4B-00C04F79EFBC}") = "Models.AbstractDefinition", "Models.AbstractDefinition\Models.AbstractDefinition.csproj", "{2E0723FC-0E20-4975-8244-C541D70A7402}"
EndProject
Project("{FAE04EC0-301F-11D3-BF4B-00C04F79EFBC}") = "Models.Natif", "Models.Natif\Models.Natif.csproj", "{DC1705E5-0D86-455D-B8BC-250AC57FF833}"
EndProject
Project("{FAE04EC0-301F-11D3-BF4B-00C04F79EFBC}") = "Models.Factory", "Models.Factory\Models.Factory.csproj", "{8B6C7C4A-8FCA-47D7-B9EE-97BF093F4936}"
EndProject
Project("{FAE04EC0-301F-11D3-BF4B-00C04F79EFBC}") = "Client.FormIhm", "Client.FormIhm\Client.FormIhm.csproj", "{968D16A8-F2E1-4978-87D1-3E0A8EF999B4}"
	ProjectSection(ProjectDependencies) = postProject
		{F85339D7-B923-44EA-81C4-414C1AB5D985} = {F85339D7-B923-44EA-81C4-414C1AB5D985}
	EndProjectSection
EndProject
Project("{FAE04EC0-301F-11D3-BF4B-00C04F79EFBC}") = "Models.Sql", "Models.Sql\Models.Sql.csproj", "{6A0C95E0-1F95-4056-ADBB-2F2BF9E9B4DB}"
EndProject
Project("{FAE04EC0-301F-11D3-BF4B-00C04F79EFBC}") = "ServicePim", "ServicePim\ServicePim.csproj", "{F85339D7-B923-44EA-81C4-414C1AB5D985}"
EndProject
Project("{FAE04EC0-301F-11D3-BF4B-00C04F79EFBC}") = "Server.Host", "Server.Host\Server.Host.csproj", "{2C1536BF-207B-4C33-A9CB-AB27B585477F}"
EndProject
Global
	GlobalSection(SolutionConfigurationPlatforms) = preSolution
		Debug|Any CPU = Debug|Any CPU
		Release|Any CPU = Release|Any CPU
	EndGlobalSection
	GlobalSection(ProjectConfigurationPlatforms) = postSolution
		{72E8F528-F892-4056-961B-0F6A6ED22D4B}.Debug|Any CPU.ActiveCfg = Debug|Any CPU
		{72E8F528-F892-4056-961B-0F6A6ED22D4B}.Debug|Any CPU.Build.0 = Debug|Any CPU
		{72E8F528-F892-4056-961B-0F6A6ED22D4B}.Release|Any CPU.ActiveCfg = Release|Any CPU
		{72E8F528-F892-4056-961B-0F6A6ED22D4B}.Release|Any CPU.Build.0 = Release|Any CPU
		{2E0723FC-0E20-4975-8244-C541D70A7402}.Debug|Any CPU.ActiveCfg = Debug|Any CPU
		{2E0723FC-0E20-4975-8244-C541D70A7402}.Debug|Any CPU.Build.0 = Debug|Any CPU
		{2E0723FC-0E20-4975-8244-C541D70A7402}.Release|Any CPU.ActiveCfg = Release|Any CPU
		{2E0723FC-0E20-4975-8244-C541D70A7402}.Release|Any CPU.Build.0 = Release|Any CPU
		{DC1705E5-0D86-455D-B8BC-250AC57FF833}.Debug|Any CPU.ActiveCfg = Debug|Any CPU
		{DC1705E5-0D86-455D-B8BC-250AC57FF833}.Debug|Any CPU.Build.0 = Debug|Any CPU
		{DC1705E5-0D86-455D-B8BC-250AC57FF833}.Release|Any CPU.ActiveCfg = Release|Any CPU
		{DC1705E5-0D86-455D-B8BC-250AC57FF833}.Release|Any CPU.Build.0 = Release|Any CPU
		{8B6C7C4A-8FCA-47D7-B9EE-97BF093F4936}.Debug|Any CPU.ActiveCfg = Debug|Any CPU
		{8B6C7C4A-8FCA-47D7-B9EE-97BF093F4936}.Debug|Any CPU.Build.0 = Debug|Any CPU
		{8B6C7C4A-8FCA-47D7-B9EE-97BF093F4936}.Release|Any CPU.ActiveCfg = Release|Any CPU
		{8B6C7C4A-8FCA-47D7-B9EE-97BF093F4936}.Release|Any CPU.Build.0 = Release|Any CPU
		{968D16A8-F2E1-4978-87D1-3E0A8EF999B4}.Debug|Any CPU.ActiveCfg = Debug|Any CPU
		{968D16A8-F2E1-4978-87D1-3E0A8EF999B4}.Debug|Any CPU.Build.0 = Debug|Any CPU
		{968D16A8-F2E1-4978-87D1-3E0A8EF999B4}.Release|Any CPU.ActiveCfg = Release|Any CPU
		{968D16A8-F2E1-4978-87D1-3E0A8EF999B4}.Release|Any CPU.Build.0 = Release|Any CPU
		{6A0C95E0-1F95-4056-ADBB-2F2BF9E9B4DB}.Debug|Any CPU.ActiveCfg = Debug|Any CPU
		{6A0C95E0-1F95-4056-ADBB-2F2BF9E9B4DB}.Debug|Any CPU.Build.0 = Debug|Any CPU
		{6A0C95E0-1F95-4056-ADBB-2F2BF9E9B4DB}.Release|Any CPU.ActiveCfg = Release|Any CPU
		{6A0C95E0-1F95-4056-ADBB-2F2BF9E9B4DB}.Release|Any CPU.Build.0 = Release|Any CPU
		{F85339D7-B923-44EA-81C4-414C1AB5D985}.Debug|Any CPU.ActiveCfg = Debug|Any CPU
		{F85339D7-B923-44EA-81C4-414C1AB5D985}.Debug|Any CPU.Build.0 = Debug|Any CPU
		{F85339D7-B923-44EA-81C4-414C1AB5D985}.Release|Any CPU.ActiveCfg = Release|Any CPU
		{F85339D7-B923-44EA-81C4-414C1AB5D985}.Release|Any CPU.Build.0 = Release|Any CPU
		{2C1536BF-207B-4C33-A9CB-AB27B585477F}.Debug|Any CPU.ActiveCfg = Debug|Any CPU
		{2C1536BF-207B-4C33-A9CB-AB27B585477F}.Debug|Any CPU.Build.0 = Debug|Any CPU
		{2C1536BF-207B-4C33-A9CB-AB27B585477F}.Release|Any CPU.ActiveCfg = Release|Any CPU
		{2C1536BF-207B-4C33-A9CB-AB27B585477F}.Release|Any CPU.Build.0 = Release|Any CPU
	EndGlobalSection
	GlobalSection(SolutionProperties) = preSolution
		HideSolutionNode = FALSE
	EndGlobalSection
	GlobalSection(NestedProjects) = preSolution
		{2E0723FC-0E20-4975-8244-C541D70A7402} = {6B5FF12C-1A21-48DB-9779-4134EAC9B49A}
		{DC1705E5-0D86-455D-B8BC-250AC57FF833} = {6B5FF12C-1A21-48DB-9779-4134EAC9B49A}
		{8B6C7C4A-8FCA-47D7-B9EE-97BF093F4936} = {6B5FF12C-1A21-48DB-9779-4134EAC9B49A}
		{6A0C95E0-1F95-4056-ADBB-2F2BF9E9B4DB} = {6B5FF12C-1A21-48DB-9779-4134EAC9B49A}
	EndGlobalSection
	GlobalSection(ExtensibilityGlobals) = postSolution
		SolutionGuid = {737F2E15-26FB-4CCD-9D52-8521F22D88D4}
	EndGlobalSection
EndGlobal
